
Microsoft Visual Studio Solution File, Format Version 12.00
# Visual Studio 15
VisualStudioVersion = 15.0.27130.2010
MinimumVisualStudioVersion = 10.0.40219.1
Project("{FAE04EC0-301F-11D3-BF4B-00C04F79EFBC}") = "ProdFloor", "ProdFloor\ProdFloor.csproj", "{0E00F8D3-13EA-4326-90C8-275DDBA98D86}"
EndProject
Project("{FAE04EC0-301F-11D3-BF4B-00C04F79EFBC}") = "ProdFloor.Tests", "ProdFloor.Tests\ProdFloor.Tests.csproj", "{8035DA9A-44B1-4A31-8B14-D98D4D80FF2E}"
EndProject
Global
	GlobalSection(SolutionConfigurationPlatforms) = preSolution
		Debug|Any CPU = Debug|Any CPU
		Release|Any CPU = Release|Any CPU
	EndGlobalSection
	GlobalSection(ProjectConfigurationPlatforms) = postSolution
		{0E00F8D3-13EA-4326-90C8-275DDBA98D86}.Debug|Any CPU.ActiveCfg = Debug|Any CPU
		{0E00F8D3-13EA-4326-90C8-275DDBA98D86}.Debug|Any CPU.Build.0 = Debug|Any CPU
		{0E00F8D3-13EA-4326-90C8-275DDBA98D86}.Release|Any CPU.ActiveCfg = Release|Any CPU
		{0E00F8D3-13EA-4326-90C8-275DDBA98D86}.Release|Any CPU.Build.0 = Release|Any CPU
		{8035DA9A-44B1-4A31-8B14-D98D4D80FF2E}.Debug|Any CPU.ActiveCfg = Debug|Any CPU
		{8035DA9A-44B1-4A31-8B14-D98D4D80FF2E}.Debug|Any CPU.Build.0 = Debug|Any CPU
		{8035DA9A-44B1-4A31-8B14-D98D4D80FF2E}.Release|Any CPU.ActiveCfg = Release|Any CPU
		{8035DA9A-44B1-4A31-8B14-D98D4D80FF2E}.Release|Any CPU.Build.0 = Release|Any CPU
	EndGlobalSection
	GlobalSection(SolutionProperties) = preSolution
		HideSolutionNode = FALSE
	EndGlobalSection
	GlobalSection(ExtensibilityGlobals) = postSolution
		SolutionGuid = {18B5EF1E-8732-4093-B8F3-56AB1088187D}
	EndGlobalSection
EndGlobal
